
Microsoft Visual Studio Solution File, Format Version 12.00
# Visual Studio Version 16
VisualStudioVersion = 16.0.31624.102
MinimumVisualStudioVersion = 10.0.40219.1
Project("{2150E333-8FDC-42A3-9474-1A3956D46DE8}") = "Framework", "Framework", "{B42BBA9D-2C2A-4EFF-91A7-81B163C8EDA4}"
EndProject
Project("{2150E333-8FDC-42A3-9474-1A3956D46DE8}") = "BusinessLayer", "BusinessLayer", "{30395417-6F0A-45E1-903B-ADD252A67D3F}"
EndProject
Project("{2150E333-8FDC-42A3-9474-1A3956D46DE8}") = "DataLayer", "DataLayer", "{B3CC001A-92A8-483B-B6C8-EC625ABF0DE4}"
EndProject
Project("{FAE04EC0-301F-11D3-BF4B-00C04F79EFBC}") = "zzzCMS.BusinessObjects", "BusinessObjects\zzzCMS.BusinessObjects.csproj", "{C4F82870-9846-4BF1-BCF2-452502F681C2}"
EndProject
Project("{FAE04EC0-301F-11D3-BF4B-00C04F79EFBC}") = "zzzCMS.Facade", "Facade\zzzCMS.Facade.csproj", "{42F32CAF-03F9-4305-A955-5CBEA9581001}"
EndProject
Project("{FAE04EC0-301F-11D3-BF4B-00C04F79EFBC}") = "zzzCMS.DataObjects", "DataObjects\zzzCMS.DataObjects.csproj", "{7CC36003-14FD-4550-97CD-4E8B91F09BC4}"
EndProject
Project("{FAE04EC0-301F-11D3-BF4B-00C04F79EFBC}") = "zzzCMS.Transactions", "Transactions\zzzCMS.Transactions.csproj", "{ABCC7FA6-6853-4DD9-B44E-80A22CD465CF}"
EndProject
Project("{FAE04EC0-301F-11D3-BF4B-00C04F79EFBC}") = "zzzCMS.Log", "Log\zzzCMS.Log.csproj", "{25269D59-3D15-4ECD-9BE0-E56C328F6DBE}"
EndProject
Project("{FAE04EC0-301F-11D3-BF4B-00C04F79EFBC}") = "zzzCMS.QueryBuilders", "QueryBuilders\zzzCMS.QueryBuilders.csproj", "{AEDBC3A4-A881-45D9-80C8-DF3112E3C091}"
EndProject
Project("{FAE04EC0-301F-11D3-BF4B-00C04F79EFBC}") = "zzzCMS.Web.Backend", "zzzCMS_Backend\zzzCMS.Web.Backend.csproj", "{B02474BE-3085-431E-AFF5-3F7D74F1287A}"
EndProject
Project("{FAE04EC0-301F-11D3-BF4B-00C04F79EFBC}") = "zzzCMS.Web.Frontend.MVC", "zzzCMS_Frontend_MVC\zzzCMS.Web.Frontend.MVC.csproj", "{36A0F232-5D57-42B2-923E-11C4D42D090A}"
EndProject
Project("{FAE04EC0-301F-11D3-BF4B-00C04F79EFBC}") = "zzzCMS.Web.Frontend.MVC.Razor", "zzzCMS_Frontend_MVC_Razor\zzzCMS.Web.Frontend.MVC.Razor.csproj", "{1774ADC9-B7E8-47B1-B565-D76CED592603}"
EndProject
Project("{FAE04EC0-301F-11D3-BF4B-00C04F79EFBC}") = "zzzCMS.Controllers", "Controllers\zzzCMS.Controllers.csproj", "{A321D015-24A4-4462-9D4C-67B82B4CBB20}"
EndProject
Global
	GlobalSection(SolutionConfigurationPlatforms) = preSolution
		Debug|Any CPU = Debug|Any CPU
		Release|Any CPU = Release|Any CPU
	EndGlobalSection
	GlobalSection(ProjectConfigurationPlatforms) = postSolution
		{C4F82870-9846-4BF1-BCF2-452502F681C2}.Debug|Any CPU.ActiveCfg = Debug|Any CPU
		{C4F82870-9846-4BF1-BCF2-452502F681C2}.Debug|Any CPU.Build.0 = Debug|Any CPU
		{C4F82870-9846-4BF1-BCF2-452502F681C2}.Release|Any CPU.ActiveCfg = Release|Any CPU
		{C4F82870-9846-4BF1-BCF2-452502F681C2}.Release|Any CPU.Build.0 = Release|Any CPU
		{42F32CAF-03F9-4305-A955-5CBEA9581001}.Debug|Any CPU.ActiveCfg = Debug|Any CPU
		{42F32CAF-03F9-4305-A955-5CBEA9581001}.Debug|Any CPU.Build.0 = Debug|Any CPU
		{42F32CAF-03F9-4305-A955-5CBEA9581001}.Release|Any CPU.ActiveCfg = Release|Any CPU
		{42F32CAF-03F9-4305-A955-5CBEA9581001}.Release|Any CPU.Build.0 = Release|Any CPU
		{7CC36003-14FD-4550-97CD-4E8B91F09BC4}.Debug|Any CPU.ActiveCfg = Debug|Any CPU
		{7CC36003-14FD-4550-97CD-4E8B91F09BC4}.Debug|Any CPU.Build.0 = Debug|Any CPU
		{7CC36003-14FD-4550-97CD-4E8B91F09BC4}.Release|Any CPU.ActiveCfg = Release|Any CPU
		{7CC36003-14FD-4550-97CD-4E8B91F09BC4}.Release|Any CPU.Build.0 = Release|Any CPU
		{ABCC7FA6-6853-4DD9-B44E-80A22CD465CF}.Debug|Any CPU.ActiveCfg = Debug|Any CPU
		{ABCC7FA6-6853-4DD9-B44E-80A22CD465CF}.Debug|Any CPU.Build.0 = Debug|Any CPU
		{ABCC7FA6-6853-4DD9-B44E-80A22CD465CF}.Release|Any CPU.ActiveCfg = Release|Any CPU
		{ABCC7FA6-6853-4DD9-B44E-80A22CD465CF}.Release|Any CPU.Build.0 = Release|Any CPU
		{25269D59-3D15-4ECD-9BE0-E56C328F6DBE}.Debug|Any CPU.ActiveCfg = Debug|Any CPU
		{25269D59-3D15-4ECD-9BE0-E56C328F6DBE}.Debug|Any CPU.Build.0 = Debug|Any CPU
		{25269D59-3D15-4ECD-9BE0-E56C328F6DBE}.Release|Any CPU.ActiveCfg = Release|Any CPU
		{25269D59-3D15-4ECD-9BE0-E56C328F6DBE}.Release|Any CPU.Build.0 = Release|Any CPU
		{AEDBC3A4-A881-45D9-80C8-DF3112E3C091}.Debug|Any CPU.ActiveCfg = Debug|Any CPU
		{AEDBC3A4-A881-45D9-80C8-DF3112E3C091}.Debug|Any CPU.Build.0 = Debug|Any CPU
		{AEDBC3A4-A881-45D9-80C8-DF3112E3C091}.Release|Any CPU.ActiveCfg = Release|Any CPU
		{AEDBC3A4-A881-45D9-80C8-DF3112E3C091}.Release|Any CPU.Build.0 = Release|Any CPU
		{B02474BE-3085-431E-AFF5-3F7D74F1287A}.Debug|Any CPU.ActiveCfg = Debug|Any CPU
		{B02474BE-3085-431E-AFF5-3F7D74F1287A}.Debug|Any CPU.Build.0 = Debug|Any CPU
		{B02474BE-3085-431E-AFF5-3F7D74F1287A}.Release|Any CPU.ActiveCfg = Release|Any CPU
		{B02474BE-3085-431E-AFF5-3F7D74F1287A}.Release|Any CPU.Build.0 = Release|Any CPU
		{36A0F232-5D57-42B2-923E-11C4D42D090A}.Debug|Any CPU.ActiveCfg = Debug|Any CPU
		{36A0F232-5D57-42B2-923E-11C4D42D090A}.Debug|Any CPU.Build.0 = Debug|Any CPU
		{36A0F232-5D57-42B2-923E-11C4D42D090A}.Release|Any CPU.ActiveCfg = Release|Any CPU
		{36A0F232-5D57-42B2-923E-11C4D42D090A}.Release|Any CPU.Build.0 = Release|Any CPU
		{1774ADC9-B7E8-47B1-B565-D76CED592603}.Debug|Any CPU.ActiveCfg = Debug|Any CPU
		{1774ADC9-B7E8-47B1-B565-D76CED592603}.Debug|Any CPU.Build.0 = Debug|Any CPU
		{1774ADC9-B7E8-47B1-B565-D76CED592603}.Release|Any CPU.ActiveCfg = Release|Any CPU
		{1774ADC9-B7E8-47B1-B565-D76CED592603}.Release|Any CPU.Build.0 = Release|Any CPU
		{A321D015-24A4-4462-9D4C-67B82B4CBB20}.Debug|Any CPU.ActiveCfg = Debug|Any CPU
		{A321D015-24A4-4462-9D4C-67B82B4CBB20}.Debug|Any CPU.Build.0 = Debug|Any CPU
		{A321D015-24A4-4462-9D4C-67B82B4CBB20}.Release|Any CPU.ActiveCfg = Release|Any CPU
		{A321D015-24A4-4462-9D4C-67B82B4CBB20}.Release|Any CPU.Build.0 = Release|Any CPU
	EndGlobalSection
	GlobalSection(SolutionProperties) = preSolution
		HideSolutionNode = FALSE
	EndGlobalSection
	GlobalSection(NestedProjects) = preSolution
		{C4F82870-9846-4BF1-BCF2-452502F681C2} = {30395417-6F0A-45E1-903B-ADD252A67D3F}
		{42F32CAF-03F9-4305-A955-5CBEA9581001} = {30395417-6F0A-45E1-903B-ADD252A67D3F}
		{7CC36003-14FD-4550-97CD-4E8B91F09BC4} = {B3CC001A-92A8-483B-B6C8-EC625ABF0DE4}
		{ABCC7FA6-6853-4DD9-B44E-80A22CD465CF} = {B42BBA9D-2C2A-4EFF-91A7-81B163C8EDA4}
		{25269D59-3D15-4ECD-9BE0-E56C328F6DBE} = {B42BBA9D-2C2A-4EFF-91A7-81B163C8EDA4}
		{AEDBC3A4-A881-45D9-80C8-DF3112E3C091} = {B42BBA9D-2C2A-4EFF-91A7-81B163C8EDA4}
		{A321D015-24A4-4462-9D4C-67B82B4CBB20} = {B42BBA9D-2C2A-4EFF-91A7-81B163C8EDA4}
	EndGlobalSection
	GlobalSection(ExtensibilityGlobals) = postSolution
		SolutionGuid = {46A766DD-7A1E-43B7-BABD-48FC9A6BBA8A}
	EndGlobalSection
EndGlobal
